<?xml version="1.0" encoding="utf-8"?>
<Project ToolsVersion="4.0" xmlns="http://schemas.microsoft.com/developer/msbuild/2003">
  <ItemGroup>
    <Filter Include="Math">
      <UniqueIdentifier>{e2a8a314-b6ba-4f17-97c9-b5afbb2228f2}</UniqueIdentifier>
    </Filter>
    <Filter Include="Application">
      <UniqueIdentifier>{cad2dbe6-3b29-4f4b-b9f1-1a7ff5896056}</UniqueIdentifier>
    </Filter>
    <Filter Include="Documentation">
      <UniqueIdentifier>{311127b4-4016-4200-9344-897dd5349d6a}</UniqueIdentifier>
    </Filter>
    <Filter Include="Factory">
      <UniqueIdentifier>{bdfa4e65-c1b1-4ee8-ba22-1e9dbc4d90f9}</UniqueIdentifier>
    </Filter>
    <Filter Include="Object">
      <UniqueIdentifier>{6ca18f1c-bba7-4260-8db4-d8007b53a12b}</UniqueIdentifier>
    </Filter>
    <Filter Include="PrecompiledHeader">
      <UniqueIdentifier>{44a9aa32-bca8-4ef0-b563-f1109763be4e}</UniqueIdentifier>
    </Filter>
    <Filter Include="Scene">
      <UniqueIdentifier>{f64835f3-042c-4738-8a95-2d9a18aab783}</UniqueIdentifier>
    </Filter>
    <Filter Include="Vertex">
      <UniqueIdentifier>{ea733c97-fd7b-47d0-a9bc-b58d996ad340}</UniqueIdentifier>
    </Filter>
    <Filter Include="Window&amp;Canvas">
      <UniqueIdentifier>{147c6bd2-ff2a-4a21-95ed-1fc5231cb315}</UniqueIdentifier>
    </Filter>
    <Filter Include="Material">
      <UniqueIdentifier>{a83f9b7e-72a8-4475-81ca-3d23d4526eaf}</UniqueIdentifier>
    </Filter>
    <Filter Include="Helper">
      <UniqueIdentifier>{942ad244-e602-49ae-bf02-2f5c8699f04f}</UniqueIdentifier>
    </Filter>
    <Filter Include="Constant">
      <UniqueIdentifier>{084f4622-ff67-41c6-825b-dd332b26b690}</UniqueIdentifier>
    </Filter>
    <Filter Include="Component">
      <UniqueIdentifier>{64756865-9de9-4900-b9d0-1b034be32a33}</UniqueIdentifier>
    </Filter>
    <Filter Include="Component\ModelComponents">
      <UniqueIdentifier>{02aa49ba-5b40-4f4b-9548-8305cf370d35}</UniqueIdentifier>
    </Filter>
    <Filter Include="Component\ModelComponents\Receivers">
      <UniqueIdentifier>{f8a1785b-844e-4934-8a04-98e069bc97e7}</UniqueIdentifier>
    </Filter>
    <Filter Include="Component\ControllerComponents">
      <UniqueIdentifier>{0f6db336-0847-4060-a6a6-d48e1a69043d}</UniqueIdentifier>
    </Filter>
    <Filter Include="Component\ViewComponents">
      <UniqueIdentifier>{eb95efd8-ce66-43a3-9d72-84a8c53d8cc1}</UniqueIdentifier>
    </Filter>
    <Filter Include="Command">
      <UniqueIdentifier>{808bb631-bc16-4bcc-bcac-6c0875879cac}</UniqueIdentifier>
    </Filter>
    <Filter Include="Texture">
      <UniqueIdentifier>{9b7bd6b1-8973-476a-98b4-6b2324517d7c}</UniqueIdentifier>
    </Filter>
    <Filter Include="Model">
      <UniqueIdentifier>{e423941c-88fd-4639-b09b-ceadb94a4514}</UniqueIdentifier>
    </Filter>
    <Filter Include="DirectXTK12">
      <UniqueIdentifier>{3c0b96d9-bd5a-4ad0-8880-5bef9d83763b}</UniqueIdentifier>
    </Filter>
  </ItemGroup>
  <ItemGroup>
    <ClInclude Include="Component.h">
      <Filter>Component</Filter>
    </ClInclude>
    <ClInclude Include="ControllerC.h">
      <Filter>Component\ControllerComponents</Filter>
    </ClInclude>
    <ClInclude Include="TransformMC.h">
      <Filter>Component\ModelComponents</Filter>
    </ClInclude>
    <ClInclude Include="ModelC.h">
      <Filter>Component\ModelComponents</Filter>
    </ClInclude>
    <ClInclude Include="Rectangle.h">
      <Filter>Math</Filter>
    </ClInclude>
    <ClInclude Include="Vector.h">
      <Filter>Math</Filter>
    </ClInclude>
    <ClInclude Include="AngleUnit.h">
      <Filter>Math</Filter>
    </ClInclude>
    <ClInclude Include="ViewC.h">
      <Filter>Component\ViewComponents</Filter>
    </ClInclude>
    <ClInclude Include="MeshVC.h">
      <Filter>Component\ViewComponents</Filter>
    </ClInclude>
    <ClInclude Include="Quadrilateral.h">
      <Filter>Math</Filter>
    </ClInclude>
    <ClInclude Include="Triangle.h">
      <Filter>Math</Filter>
    </ClInclude>
    <ClInclude Include="CanvasConstantBuffer.h">
      <Filter>Constant</Filter>
    </ClInclude>
    <ClInclude Include="MeshVCConstantBuffer.h">
      <Filter>Constant</Filter>
    </ClInclude>
    <ClInclude Include="VertexPNC.h">
      <Filter>Vertex</Filter>
    </ClInclude>
    <ClInclude Include="SceneThread.h">
      <Filter>Scene</Filter>
    </ClInclude>
    <ClInclude Include="Scene.h">
      <Filter>Scene</Filter>
    </ClInclude>
    <ClInclude Include="Factory.h">
      <Filter>Factory</Filter>
    </ClInclude>
    <ClInclude Include="Window.h">
      <Filter>Window&amp;Canvas</Filter>
    </ClInclude>
    <ClInclude Include="Canvas.h">
      <Filter>Window&amp;Canvas</Filter>
    </ClInclude>
    <ClInclude Include="Application.h">
      <Filter>Application</Filter>
    </ClInclude>
    <ClInclude Include="Material.h">
      <Filter>Material</Filter>
    </ClInclude>
    <ClInclude Include="Object.h">
      <Filter>Object</Filter>
    </ClInclude>
    <ClInclude Include="d3dx12.h">
      <Filter>Helper</Filter>
    </ClInclude>
    <ClInclude Include="pch.h">
      <Filter>PrecompiledHeader</Filter>
    </ClInclude>
    <ClInclude Include="InputCC.h">
      <Filter>Component\ControllerComponents</Filter>
    </ClInclude>
    <ClInclude Include="Command.h">
      <Filter>Command</Filter>
    </ClInclude>
    <ClInclude Include="MoveLeftCmd.h">
      <Filter>Command</Filter>
    </ClInclude>
    <ClInclude Include="ReceiverMC.h">
      <Filter>Component\ModelComponents\Receivers</Filter>
    </ClInclude>
    <ClInclude Include="CharacterRMC.h">
      <Filter>Component\ModelComponents\Receivers</Filter>
    </ClInclude>
    <ClInclude Include="CameraRMC.h">
      <Filter>Component\ModelComponents\Receivers</Filter>
    </ClInclude>
    <ClInclude Include="MoveRightCmd.h">
      <Filter>Command</Filter>
    </ClInclude>
    <ClInclude Include="MoveForwardCmd.h">
      <Filter>Command</Filter>
    </ClInclude>
    <ClInclude Include="MoveBackCmd.h">
      <Filter>Command</Filter>
    </ClInclude>
    <ClInclude Include="RotateLeftCmd.h">
      <Filter>Command</Filter>
    </ClInclude>
    <ClInclude Include="RotateRightCmd.h">
      <Filter>Command</Filter>
    </ClInclude>
    <ClInclude Include="MoveUpCmd.h">
      <Filter>Command</Filter>
    </ClInclude>
    <ClInclude Include="MoveDownCmd.h">
      <Filter>Command</Filter>
    </ClInclude>
    <ClInclude Include="ModelST.h">
      <Filter>Scene</Filter>
    </ClInclude>
    <ClInclude Include="ControllerST.h">
      <Filter>Scene</Filter>
    </ClInclude>
    <ClInclude Include="ViewST.h">
      <Filter>Scene</Filter>
    </ClInclude>
    <ClInclude Include="ModelVC.h">
      <Filter>Component\ViewComponents</Filter>
    </ClInclude>
    <ClInclude Include="Model.h">
      <Filter>Model</Filter>
    </ClInclude>
    <ClInclude Include="MeshType.h">
      <Filter>Model</Filter>
    </ClInclude>
    <ClInclude Include="AnimationClip.h">
      <Filter>Model</Filter>
    </ClInclude>
    <ClInclude Include="AnimationKey.h">
      <Filter>Model</Filter>
    </ClInclude>
    <ClInclude Include="BinIfstream.h">
      <Filter>Helper</Filter>
    </ClInclude>
    <ClInclude Include="InputSemantic.h">
      <Filter>Model</Filter>
    </ClInclude>
    <ClInclude Include="Texture.h">
      <Filter>Texture</Filter>
    </ClInclude>
    <ClInclude Include="DDS.h">
      <Filter>DirectXTK12</Filter>
    </ClInclude>
    <ClInclude Include="DDSTextureLoader.h">
      <Filter>DirectXTK12</Filter>
    </ClInclude>
    <ClInclude Include="DirectXHelpers.h">
      <Filter>DirectXTK12</Filter>
    </ClInclude>
    <ClInclude Include="GraphicsMemory.h">
      <Filter>DirectXTK12</Filter>
    </ClInclude>
    <ClInclude Include="LoaderHelpers.h">
      <Filter>DirectXTK12</Filter>
    </ClInclude>
    <ClInclude Include="PlatformHelpers.h">
      <Filter>DirectXTK12</Filter>
    </ClInclude>
    <ClInclude Include="ResourceUploadBatch.h">
      <Filter>DirectXTK12</Filter>
    </ClInclude>
    <ClInclude Include="WICTextureLoader.h">
      <Filter>DirectXTK12</Filter>
    </ClInclude>
    <ClInclude Include="LinearAllocator.h">
      <Filter>DirectXTK12</Filter>
    </ClInclude>
    <ClInclude Include="TextureType.h">
      <Filter>Texture</Filter>
    </ClInclude>
    <ClInclude Include="SemanticInfo.h">
      <Filter>Material</Filter>
    </ClInclude>
  </ItemGroup>
  <ItemGroup>
    <ClCompile Include="Component.cpp">
      <Filter>Component</Filter>
    </ClCompile>
    <ClCompile Include="TransformMC.cpp">
      <Filter>Component\ModelComponents</Filter>
    </ClCompile>
    <ClCompile Include="ModelC.cpp">
      <Filter>Component\ModelComponents</Filter>
    </ClCompile>
    <ClCompile Include="ControllerC.cpp">
      <Filter>Component\ControllerComponents</Filter>
    </ClCompile>
    <ClCompile Include="ViewC.cpp">
      <Filter>Component\ViewComponents</Filter>
    </ClCompile>
    <ClCompile Include="VertexPNC.cpp">
      <Filter>Vertex</Filter>
    </ClCompile>
    <ClCompile Include="Scene.cpp">
      <Filter>Scene</Filter>
    </ClCompile>
    <ClCompile Include="Factory.cpp">
      <Filter>Factory</Filter>
    </ClCompile>
    <ClCompile Include="Canvas.cpp">
      <Filter>Window&amp;Canvas</Filter>
    </ClCompile>
    <ClCompile Include="Window.cpp">
      <Filter>Window&amp;Canvas</Filter>
    </ClCompile>
    <ClCompile Include="Application.cpp">
      <Filter>Application</Filter>
    </ClCompile>
    <ClCompile Include="Material.cpp">
      <Filter>Material</Filter>
    </ClCompile>
    <ClCompile Include="Object.cpp">
      <Filter>Object</Filter>
    </ClCompile>
    <ClCompile Include="pch.cpp">
      <Filter>PrecompiledHeader</Filter>
    </ClCompile>
    <ClCompile Include="MeshVC.cpp">
      <Filter>Component\ViewComponents</Filter>
    </ClCompile>
    <ClCompile Include="InputCC.cpp">
      <Filter>Component\ControllerComponents</Filter>
    </ClCompile>
    <ClCompile Include="Command.cpp">
      <Filter>Command</Filter>
    </ClCompile>
    <ClCompile Include="MoveLeftCmd.cpp">
      <Filter>Command</Filter>
    </ClCompile>
    <ClCompile Include="ReceiverMC.cpp">
      <Filter>Component\ModelComponents\Receivers</Filter>
    </ClCompile>
    <ClCompile Include="CharacterRMC.cpp">
      <Filter>Component\ModelComponents\Receivers</Filter>
    </ClCompile>
    <ClCompile Include="CameraRMC.cpp">
      <Filter>Component\ModelComponents\Receivers</Filter>
    </ClCompile>
    <ClCompile Include="MoveRightCmd.cpp">
      <Filter>Command</Filter>
    </ClCompile>
    <ClCompile Include="MoveForwardCmd.cpp">
      <Filter>Command</Filter>
    </ClCompile>
    <ClCompile Include="MoveBackCmd.cpp">
      <Filter>Command</Filter>
    </ClCompile>
    <ClCompile Include="RotateLeftCmd.cpp">
      <Filter>Command</Filter>
    </ClCompile>
    <ClCompile Include="RotateRightCmd.cpp">
      <Filter>Command</Filter>
    </ClCompile>
    <ClCompile Include="MoveUpCmd.cpp">
      <Filter>Command</Filter>
    </ClCompile>
    <ClCompile Include="MoveDownCmd.cpp">
      <Filter>Command</Filter>
    </ClCompile>
    <ClCompile Include="SceneThread.cpp">
      <Filter>Scene</Filter>
    </ClCompile>
    <ClCompile Include="ControllerST.cpp">
      <Filter>Scene</Filter>
    </ClCompile>
    <ClCompile Include="ModelST.cpp">
      <Filter>Scene</Filter>
    </ClCompile>
    <ClCompile Include="ViewST.cpp">
      <Filter>Scene</Filter>
    </ClCompile>
    <ClCompile Include="ModelVC.cpp">
      <Filter>Component\ViewComponents</Filter>
    </ClCompile>
    <ClCompile Include="Model.cpp">
      <Filter>Model</Filter>
    </ClCompile>
    <ClCompile Include="AnimationClip.cpp">
      <Filter>Model</Filter>
    </ClCompile>
    <ClCompile Include="AnimationKey.cpp">
      <Filter>Model</Filter>
    </ClCompile>
    <ClCompile Include="BinIfstream.cpp">
      <Filter>Helper</Filter>
    </ClCompile>
    <ClCompile Include="Texture.cpp">
      <Filter>Texture</Filter>
    </ClCompile>
    <ClCompile Include="DDSTextureLoader.cpp">
      <Filter>DirectXTK12</Filter>
    </ClCompile>
    <ClCompile Include="WICTextureLoader.cpp">
      <Filter>DirectXTK12</Filter>
    </ClCompile>
    <ClCompile Include="ResourceUploadBatch.cpp">
      <Filter>DirectXTK12</Filter>
    </ClCompile>
    <ClCompile Include="GraphicsMemory.cpp">
      <Filter>DirectXTK12</Filter>
    </ClCompile>
    <ClCompile Include="LinearAllocator.cpp">
      <Filter>DirectXTK12</Filter>
    </ClCompile>
  </ItemGroup>
  <ItemGroup>
    <None Include="ClassDiagram.cd">
      <Filter>Documentation</Filter>
    </None>
    <None Include="Shaders\Compiled\GenerateMips_main.inc">
      <Filter>DirectXTK12</Filter>
    </None>
  </ItemGroup>
</Project>