<?xml version="1.0" encoding="utf-8"?>
<Project ToolsVersion="4.0" xmlns="http://schemas.microsoft.com/developer/msbuild/2003">
  <ItemGroup>
    <Filter Include="Math">
      <UniqueIdentifier>{e2a8a314-b6ba-4f17-97c9-b5afbb2228f2}</UniqueIdentifier>
    </Filter>
    <Filter Include="Application">
      <UniqueIdentifier>{cad2dbe6-3b29-4f4b-b9f1-1a7ff5896056}</UniqueIdentifier>
    </Filter>
    <Filter Include="Documentation">
      <UniqueIdentifier>{311127b4-4016-4200-9344-897dd5349d6a}</UniqueIdentifier>
    </Filter>
    <Filter Include="Factory">
      <UniqueIdentifier>{bdfa4e65-c1b1-4ee8-ba22-1e9dbc4d90f9}</UniqueIdentifier>
    </Filter>
    <Filter Include="Object">
      <UniqueIdentifier>{6ca18f1c-bba7-4260-8db4-d8007b53a12b}</UniqueIdentifier>
    </Filter>
    <Filter Include="PrecompiledHeader">
      <UniqueIdentifier>{44a9aa32-bca8-4ef0-b563-f1109763be4e}</UniqueIdentifier>
    </Filter>
    <Filter Include="Scene">
      <UniqueIdentifier>{f64835f3-042c-4738-8a95-2d9a18aab783}</UniqueIdentifier>
    </Filter>
    <Filter Include="Material">
      <UniqueIdentifier>{a83f9b7e-72a8-4475-81ca-3d23d4526eaf}</UniqueIdentifier>
    </Filter>
    <Filter Include="Helper">
      <UniqueIdentifier>{942ad244-e602-49ae-bf02-2f5c8699f04f}</UniqueIdentifier>
    </Filter>
    <Filter Include="Component">
      <UniqueIdentifier>{64756865-9de9-4900-b9d0-1b034be32a33}</UniqueIdentifier>
    </Filter>
    <Filter Include="Component\ModelComponents">
      <UniqueIdentifier>{02aa49ba-5b40-4f4b-9548-8305cf370d35}</UniqueIdentifier>
    </Filter>
    <Filter Include="Component\ModelComponents\Receivers">
      <UniqueIdentifier>{f8a1785b-844e-4934-8a04-98e069bc97e7}</UniqueIdentifier>
    </Filter>
    <Filter Include="Component\ControllerComponents">
      <UniqueIdentifier>{0f6db336-0847-4060-a6a6-d48e1a69043d}</UniqueIdentifier>
    </Filter>
    <Filter Include="Component\ViewComponents">
      <UniqueIdentifier>{eb95efd8-ce66-43a3-9d72-84a8c53d8cc1}</UniqueIdentifier>
    </Filter>
    <Filter Include="Command">
      <UniqueIdentifier>{808bb631-bc16-4bcc-bcac-6c0875879cac}</UniqueIdentifier>
    </Filter>
    <Filter Include="Texture">
      <UniqueIdentifier>{9b7bd6b1-8973-476a-98b4-6b2324517d7c}</UniqueIdentifier>
    </Filter>
    <Filter Include="Model">
      <UniqueIdentifier>{e423941c-88fd-4639-b09b-ceadb94a4514}</UniqueIdentifier>
    </Filter>
    <Filter Include="Shaders">
      <UniqueIdentifier>{1799dd8c-33f1-466e-9eb1-7c133a972161}</UniqueIdentifier>
    </Filter>
    <Filter Include="Shaders\PosNormCol">
      <UniqueIdentifier>{97211dc8-f071-437d-9078-5ee904bdb5a2}</UniqueIdentifier>
    </Filter>
    <Filter Include="Shaders\PosNormTanTex">
      <UniqueIdentifier>{12d1a4c6-f0db-47ed-b911-7971aa3d70cc}</UniqueIdentifier>
    </Filter>
    <Filter Include="Structs">
      <UniqueIdentifier>{92d6c182-0827-49c9-a21f-4c1609d72490}</UniqueIdentifier>
    </Filter>
    <Filter Include="Structs\Buffers">
      <UniqueIdentifier>{084f4622-ff67-41c6-825b-dd332b26b690}</UniqueIdentifier>
    </Filter>
    <Filter Include="Shaders\PosNormTanTex\AN">
      <UniqueIdentifier>{bc0cf431-791b-4e29-9e28-1cb532682b97}</UniqueIdentifier>
    </Filter>
    <Filter Include="Shaders\PosNormTanTex\A">
      <UniqueIdentifier>{c9f225b4-a018-4348-9e5c-8a736b498a32}</UniqueIdentifier>
    </Filter>
    <Filter Include="Shaders\PosNormTanTex\iA">
      <UniqueIdentifier>{c8a48c2b-61d6-44c5-9d48-9dcb04d664f3}</UniqueIdentifier>
    </Filter>
    <Filter Include="Shaders\PosNormTanTex\iAN">
      <UniqueIdentifier>{5934c40d-5410-4c45-80e6-fc9698d46476}</UniqueIdentifier>
    </Filter>
    <Filter Include="Canvas">
      <UniqueIdentifier>{4b51e81f-9e2a-4254-b5c4-186037930c7f}</UniqueIdentifier>
    </Filter>
    <Filter Include="Window">
      <UniqueIdentifier>{147c6bd2-ff2a-4a21-95ed-1fc5231cb315}</UniqueIdentifier>
    </Filter>
    <Filter Include="PhysX">
      <UniqueIdentifier>{7a337638-d083-45a3-bec0-a6bf415ffcdd}</UniqueIdentifier>
    </Filter>
    <Filter Include="Enums">
      <UniqueIdentifier>{fdde2177-c662-4fc4-bdf5-a36ac7f8861f}</UniqueIdentifier>
    </Filter>
    <Filter Include="Shaders\PosNormTanTex\aAN">
      <UniqueIdentifier>{d0436065-236e-4a85-89d8-704f5948b407}</UniqueIdentifier>
    </Filter>
    <Filter Include="Shaders\Buffers">
      <UniqueIdentifier>{54af50f4-70cd-4d7c-bb1b-d2a5c350d264}</UniqueIdentifier>
    </Filter>
    <Filter Include="Shaders\Functions">
      <UniqueIdentifier>{e19e129a-091f-416b-902c-c08240a1d32f}</UniqueIdentifier>
    </Filter>
    <Filter Include="Shaders\Inputs">
      <UniqueIdentifier>{32bf445a-2d98-45ec-bfa5-1d105ec78e09}</UniqueIdentifier>
    </Filter>
    <Filter Include="ServiceLocator">
      <UniqueIdentifier>{176e75a0-3fec-41ea-be99-1ebe5ffadf6e}</UniqueIdentifier>
    </Filter>
    <Filter Include="ServiceLocator\Audio">
      <UniqueIdentifier>{833da238-a6e3-4915-9b23-84771b458643}</UniqueIdentifier>
    </Filter>
    <Filter Include="ServiceLocator\Logger">
      <UniqueIdentifier>{7ad3b09f-4809-4c24-a05d-be0b7c255347}</UniqueIdentifier>
    </Filter>
    <Filter Include="Shaders\PosNorm">
      <UniqueIdentifier>{840bbdaa-0d81-46d1-ba30-ccaeb35b18a2}</UniqueIdentifier>
    </Filter>
    <Filter Include="Shaders\PosNormTanTex\iaAN">
      <UniqueIdentifier>{d580f232-a373-4756-99ec-4eb178ee6619}</UniqueIdentifier>
    </Filter>
  </ItemGroup>
  <ItemGroup>
    <ClInclude Include="pch.h">
      <Filter>PrecompiledHeader</Filter>
    </ClInclude>
    <ClInclude Include="include\Application.h">
      <Filter>Application</Filter>
    </ClInclude>
    <ClInclude Include="include\Canvas.h">
      <Filter>Canvas</Filter>
    </ClInclude>
    <ClInclude Include="include\Command.h">
      <Filter>Command</Filter>
    </ClInclude>
    <ClInclude Include="include\MoveBackCmd.h">
      <Filter>Command</Filter>
    </ClInclude>
    <ClInclude Include="include\MoveDownCmd.h">
      <Filter>Command</Filter>
    </ClInclude>
    <ClInclude Include="include\MoveForwardCmd.h">
      <Filter>Command</Filter>
    </ClInclude>
    <ClInclude Include="include\MoveLeftCmd.h">
      <Filter>Command</Filter>
    </ClInclude>
    <ClInclude Include="include\MoveRightCmd.h">
      <Filter>Command</Filter>
    </ClInclude>
    <ClInclude Include="include\MoveUpCmd.h">
      <Filter>Command</Filter>
    </ClInclude>
    <ClInclude Include="include\Component.h">
      <Filter>Component</Filter>
    </ClInclude>
    <ClInclude Include="include\ControllerC.h">
      <Filter>Component\ControllerComponents</Filter>
    </ClInclude>
    <ClInclude Include="include\InputCC.h">
      <Filter>Component\ControllerComponents</Filter>
    </ClInclude>
    <ClInclude Include="include\CameraRMC.h">
      <Filter>Component\ModelComponents\Receivers</Filter>
    </ClInclude>
    <ClInclude Include="include\CharacterRMC.h">
      <Filter>Component\ModelComponents\Receivers</Filter>
    </ClInclude>
    <ClInclude Include="include\ReceiverMC.h">
      <Filter>Component\ModelComponents\Receivers</Filter>
    </ClInclude>
    <ClInclude Include="include\ModelC.h">
      <Filter>Component\ModelComponents</Filter>
    </ClInclude>
    <ClInclude Include="include\TransformMC.h">
      <Filter>Component\ModelComponents</Filter>
    </ClInclude>
    <ClInclude Include="include\InstancedModelVC.h">
      <Filter>Component\ViewComponents</Filter>
    </ClInclude>
    <ClInclude Include="include\MeshVC.h">
      <Filter>Component\ViewComponents</Filter>
    </ClInclude>
    <ClInclude Include="include\ModelVC.h">
      <Filter>Component\ViewComponents</Filter>
    </ClInclude>
    <ClInclude Include="include\TriangleVC.h">
      <Filter>Component\ViewComponents</Filter>
    </ClInclude>
    <ClInclude Include="include\ViewC.h">
      <Filter>Component\ViewComponents</Filter>
    </ClInclude>
    <ClInclude Include="include\Factory.h">
      <Filter>Factory</Filter>
    </ClInclude>
    <ClInclude Include="include\BinIfstream.h">
      <Filter>Helper</Filter>
    </ClInclude>
    <ClInclude Include="include\Material2D.h">
      <Filter>Material</Filter>
    </ClInclude>
    <ClInclude Include="include\Material3D.h">
      <Filter>Material</Filter>
    </ClInclude>
    <ClInclude Include="include\AnimationClip.h">
      <Filter>Model</Filter>
    </ClInclude>
    <ClInclude Include="include\AnimationKey.h">
      <Filter>Model</Filter>
    </ClInclude>
    <ClInclude Include="include\Model.h">
      <Filter>Model</Filter>
    </ClInclude>
    <ClInclude Include="include\Object.h">
      <Filter>Object</Filter>
    </ClInclude>
    <ClInclude Include="include\PxIonAllocatorCallback.h">
      <Filter>PhysX</Filter>
    </ClInclude>
    <ClInclude Include="include\PxIonErrorCallback.h">
      <Filter>PhysX</Filter>
    </ClInclude>
    <ClInclude Include="include\Scene.h">
      <Filter>Scene</Filter>
    </ClInclude>
    <ClInclude Include="include\ControllerST.h">
      <Filter>Scene</Filter>
    </ClInclude>
    <ClInclude Include="include\ModelST.h">
      <Filter>Scene</Filter>
    </ClInclude>
    <ClInclude Include="include\PhysicsST.h">
      <Filter>Scene</Filter>
    </ClInclude>
    <ClInclude Include="include\SceneThread.h">
      <Filter>Scene</Filter>
    </ClInclude>
    <ClInclude Include="include\ViewST.h">
      <Filter>Scene</Filter>
    </ClInclude>
    <ClInclude Include="include\CanvasConstantBuffer.h">
      <Filter>Structs\Buffers</Filter>
    </ClInclude>
    <ClInclude Include="include\MeshVCConstantBuffer.h">
      <Filter>Structs\Buffers</Filter>
    </ClInclude>
    <ClInclude Include="include\InstanceBuffer.h">
      <Filter>Structs\Buffers</Filter>
    </ClInclude>
    <ClInclude Include="include\Quadrilateral.h">
      <Filter>Math</Filter>
    </ClInclude>
    <ClInclude Include="include\Triangle.h">
      <Filter>Math</Filter>
    </ClInclude>
    <ClInclude Include="include\Vector.h">
      <Filter>Math</Filter>
    </ClInclude>
    <ClInclude Include="include\Window.h">
      <Filter>Window</Filter>
    </ClInclude>
    <ClInclude Include="include\Texture.h">
      <Filter>Texture</Filter>
    </ClInclude>
    <ClInclude Include="include\Transform.h">
      <Filter>Structs</Filter>
    </ClInclude>
    <ClInclude Include="include\InputSemantic.h">
      <Filter>Enums</Filter>
    </ClInclude>
    <ClInclude Include="include\MeshType.h">
      <Filter>Enums</Filter>
    </ClInclude>
    <ClInclude Include="include\RotateLeftCmd.h">
      <Filter>Command</Filter>
    </ClInclude>
    <ClInclude Include="include\RotateRightCmd.h">
      <Filter>Command</Filter>
    </ClInclude>
    <ClInclude Include="include\SemanticInfo.h">
      <Filter>Structs</Filter>
    </ClInclude>
    <ClInclude Include="include\ThreadAction.h">
      <Filter>Enums</Filter>
    </ClInclude>
    <ClInclude Include="include\Winding.h">
      <Filter>Enums</Filter>
    </ClInclude>
    <ClInclude Include="include\TextureType.h">
      <Filter>Enums</Filter>
    </ClInclude>
    <ClInclude Include="include\AngleUnit.h">
      <Filter>Enums</Filter>
    </ClInclude>
    <ClInclude Include="include\d3dx12.h">
      <Filter>Helper</Filter>
    </ClInclude>
    <ClInclude Include="include\CoordSystem.h">
      <Filter>Enums</Filter>
    </ClInclude>
    <ClInclude Include="include\AnimatedModelVC.h">
      <Filter>Component\ViewComponents</Filter>
    </ClInclude>
    <ClInclude Include="include\Int4.h">
      <Filter>Structs</Filter>
    </ClInclude>
    <ClInclude Include="include\BonesConstantBuffer.h">
      <Filter>Structs\Buffers</Filter>
    </ClInclude>
    <ClInclude Include="include\Audio.h">
      <Filter>ServiceLocator\Audio</Filter>
    </ClInclude>
    <ClInclude Include="include\FileLogger.h">
      <Filter>ServiceLocator\Logger</Filter>
    </ClInclude>
    <ClInclude Include="include\Logger.h">
      <Filter>ServiceLocator\Logger</Filter>
    </ClInclude>
    <ClInclude Include="include\NullAudio.h">
      <Filter>ServiceLocator\Audio</Filter>
    </ClInclude>
    <ClInclude Include="include\NullLogger.h">
      <Filter>ServiceLocator\Logger</Filter>
    </ClInclude>
    <ClInclude Include="include\ServiceLocator.h">
      <Filter>ServiceLocator</Filter>
    </ClInclude>
    <ClInclude Include="include\MsgType.h">
      <Filter>Enums</Filter>
    </ClInclude>
    <ClInclude Include="include\BinOfstream.h">
      <Filter>Helper</Filter>
    </ClInclude>
    <ClInclude Include="ModelFormat.h">
      <Filter>Enums</Filter>
    </ClInclude>
    <ClInclude Include="include\VertexPNC.h">
      <Filter>Structs</Filter>
    </ClInclude>
    <ClInclude Include="include\MoveObjectRMC.h">
      <Filter>Component\ModelComponents\Receivers</Filter>
    </ClInclude>
    <ClInclude Include="include\InstancedAnimatedModelVC.h">
      <Filter>Component\ViewComponents</Filter>
    </ClInclude>
    <ClInclude Include="include\NextObjectCmd.h">
      <Filter>Command</Filter>
    </ClInclude>
    <ClInclude Include="include\PrevObjectCmd.h">
      <Filter>Command</Filter>
    </ClInclude>
    <ClInclude Include="include\ShowControlsCmd.h">
      <Filter>Command</Filter>
    </ClInclude>
    <ClInclude Include="include\ControlRMC.h">
      <Filter>Component\ModelComponents\Receivers</Filter>
    </ClInclude>
    <ClInclude Include="include\TextVC.h">
      <Filter>Component\ViewComponents</Filter>
    </ClInclude>
  </ItemGroup>
  <ItemGroup>
    <ClCompile Include="Component.cpp">
      <Filter>Component</Filter>
    </ClCompile>
    <ClCompile Include="TransformMC.cpp">
      <Filter>Component\ModelComponents</Filter>
    </ClCompile>
    <ClCompile Include="ModelC.cpp">
      <Filter>Component\ModelComponents</Filter>
    </ClCompile>
    <ClCompile Include="ControllerC.cpp">
      <Filter>Component\ControllerComponents</Filter>
    </ClCompile>
    <ClCompile Include="ViewC.cpp">
      <Filter>Component\ViewComponents</Filter>
    </ClCompile>
    <ClCompile Include="Scene.cpp">
      <Filter>Scene</Filter>
    </ClCompile>
    <ClCompile Include="Factory.cpp">
      <Filter>Factory</Filter>
    </ClCompile>
    <ClCompile Include="Window.cpp">
      <Filter>Window</Filter>
    </ClCompile>
    <ClCompile Include="Application.cpp">
      <Filter>Application</Filter>
    </ClCompile>
    <ClCompile Include="Material3D.cpp">
      <Filter>Material</Filter>
    </ClCompile>
    <ClCompile Include="Object.cpp">
      <Filter>Object</Filter>
    </ClCompile>
    <ClCompile Include="pch.cpp">
      <Filter>PrecompiledHeader</Filter>
    </ClCompile>
    <ClCompile Include="MeshVC.cpp">
      <Filter>Component\ViewComponents</Filter>
    </ClCompile>
    <ClCompile Include="InputCC.cpp">
      <Filter>Component\ControllerComponents</Filter>
    </ClCompile>
    <ClCompile Include="Command.cpp">
      <Filter>Command</Filter>
    </ClCompile>
    <ClCompile Include="MoveLeftCmd.cpp">
      <Filter>Command</Filter>
    </ClCompile>
    <ClCompile Include="ReceiverMC.cpp">
      <Filter>Component\ModelComponents\Receivers</Filter>
    </ClCompile>
    <ClCompile Include="CharacterRMC.cpp">
      <Filter>Component\ModelComponents\Receivers</Filter>
    </ClCompile>
    <ClCompile Include="CameraRMC.cpp">
      <Filter>Component\ModelComponents\Receivers</Filter>
    </ClCompile>
    <ClCompile Include="MoveRightCmd.cpp">
      <Filter>Command</Filter>
    </ClCompile>
    <ClCompile Include="MoveForwardCmd.cpp">
      <Filter>Command</Filter>
    </ClCompile>
    <ClCompile Include="MoveBackCmd.cpp">
      <Filter>Command</Filter>
    </ClCompile>
    <ClCompile Include="RotateLeftCmd.cpp">
      <Filter>Command</Filter>
    </ClCompile>
    <ClCompile Include="RotateRightCmd.cpp">
      <Filter>Command</Filter>
    </ClCompile>
    <ClCompile Include="MoveUpCmd.cpp">
      <Filter>Command</Filter>
    </ClCompile>
    <ClCompile Include="MoveDownCmd.cpp">
      <Filter>Command</Filter>
    </ClCompile>
    <ClCompile Include="SceneThread.cpp">
      <Filter>Scene</Filter>
    </ClCompile>
    <ClCompile Include="ControllerST.cpp">
      <Filter>Scene</Filter>
    </ClCompile>
    <ClCompile Include="ModelST.cpp">
      <Filter>Scene</Filter>
    </ClCompile>
    <ClCompile Include="ViewST.cpp">
      <Filter>Scene</Filter>
    </ClCompile>
    <ClCompile Include="ModelVC.cpp">
      <Filter>Component\ViewComponents</Filter>
    </ClCompile>
    <ClCompile Include="Model.cpp">
      <Filter>Model</Filter>
    </ClCompile>
    <ClCompile Include="AnimationClip.cpp">
      <Filter>Model</Filter>
    </ClCompile>
    <ClCompile Include="AnimationKey.cpp">
      <Filter>Model</Filter>
    </ClCompile>
    <ClCompile Include="BinIfstream.cpp">
      <Filter>Helper</Filter>
    </ClCompile>
    <ClCompile Include="Texture.cpp">
      <Filter>Texture</Filter>
    </ClCompile>
    <ClCompile Include="InstancedModelVC.cpp">
      <Filter>Component\ViewComponents</Filter>
    </ClCompile>
    <ClCompile Include="Canvas.cpp">
      <Filter>Canvas</Filter>
    </ClCompile>
    <ClCompile Include="Material2D.cpp">
      <Filter>Material</Filter>
    </ClCompile>
    <ClCompile Include="TriangleVC.cpp">
      <Filter>Component\ViewComponents</Filter>
    </ClCompile>
    <ClCompile Include="PxIonAllocatorCallback.cpp">
      <Filter>PhysX</Filter>
    </ClCompile>
    <ClCompile Include="PxIonErrorCallback.cpp">
      <Filter>PhysX</Filter>
    </ClCompile>
    <ClCompile Include="PhysicsST.cpp">
      <Filter>Scene</Filter>
    </ClCompile>
    <ClCompile Include="AnimatedModelVC.cpp">
      <Filter>Component\ViewComponents</Filter>
    </ClCompile>
    <ClCompile Include="FileLogger.cpp">
      <Filter>ServiceLocator\Logger</Filter>
    </ClCompile>
    <ClCompile Include="Logger.cpp">
      <Filter>ServiceLocator\Logger</Filter>
    </ClCompile>
    <ClCompile Include="NullAudio.cpp">
      <Filter>ServiceLocator\Audio</Filter>
    </ClCompile>
    <ClCompile Include="NullLogger.cpp">
      <Filter>ServiceLocator\Logger</Filter>
    </ClCompile>
    <ClCompile Include="ServiceLocator.cpp">
      <Filter>ServiceLocator</Filter>
    </ClCompile>
    <ClCompile Include="BinOfstream.cpp">
      <Filter>Helper</Filter>
    </ClCompile>
    <ClCompile Include="MoveObjectRMC.cpp">
      <Filter>Component\ModelComponents\Receivers</Filter>
    </ClCompile>
    <ClCompile Include="InstancedAnimatedModelVC.cpp">
      <Filter>Component\ViewComponents</Filter>
    </ClCompile>
    <ClCompile Include="NextObjectCmd.cpp">
      <Filter>Command</Filter>
    </ClCompile>
    <ClCompile Include="PrevObjectCmd.cpp">
      <Filter>Command</Filter>
    </ClCompile>
    <ClCompile Include="ShowControlsCmd.cpp">
      <Filter>Command</Filter>
    </ClCompile>
    <ClCompile Include="ControlRMC.cpp">
      <Filter>Component\ModelComponents\Receivers</Filter>
    </ClCompile>
    <ClCompile Include="TextVC.cpp">
      <Filter>Component\ViewComponents</Filter>
    </ClCompile>
  </ItemGroup>
  <ItemGroup>
    <None Include="ClassDiagram.cd">
      <Filter>Documentation</Filter>
    </None>
    <None Include="Shaders\BonesBuffer.hlsli">
      <Filter>Shaders\Buffers</Filter>
    </None>
    <None Include="Shaders\CanvasConstantBuffer.hlsli">
      <Filter>Shaders\Buffers</Filter>
    </None>
    <None Include="Shaders\InstanceBuffer.hlsli">
      <Filter>Shaders\Buffers</Filter>
    </None>
    <None Include="Shaders\ObjectConstantBuffer.hlsli">
      <Filter>Shaders\Buffers</Filter>
    </None>
    <None Include="Shaders\CalculateAlbedo.hlsli">
      <Filter>Shaders\Functions</Filter>
    </None>
    <None Include="Shaders\CalculateNormal.hlsli">
      <Filter>Shaders\Functions</Filter>
    </None>
    <None Include="Shaders\PosNormTanTex_PSInput.hlsli">
      <Filter>Shaders\Inputs</Filter>
    </None>
    <None Include="Shaders\PosNormTanTex_VSInput.hlsli">
      <Filter>Shaders\Inputs</Filter>
    </None>
    <None Include="Shaders\PosNormTanTex_aVSInput.hlsli">
      <Filter>Shaders\Inputs</Filter>
    </None>
    <None Include="packages.config" />
  </ItemGroup>
  <ItemGroup>
    <FxCompile Include="Shaders\PosNormCol_ps.hlsl">
      <Filter>Shaders\PosNormCol</Filter>
    </FxCompile>
    <FxCompile Include="Shaders\PosNormCol_rs.hlsl">
      <Filter>Shaders\PosNormCol</Filter>
    </FxCompile>
    <FxCompile Include="Shaders\PosNormCol_vs.hlsl">
      <Filter>Shaders\PosNormCol</Filter>
    </FxCompile>
    <FxCompile Include="Shaders\PosNormTanTex_A_ps.hlsl">
      <Filter>Shaders\PosNormTanTex\A</Filter>
    </FxCompile>
    <FxCompile Include="Shaders\PosNormTanTex_A_rs.hlsl">
      <Filter>Shaders\PosNormTanTex\A</Filter>
    </FxCompile>
    <FxCompile Include="Shaders\PosNormTanTex_A_vs.hlsl">
      <Filter>Shaders\PosNormTanTex\A</Filter>
    </FxCompile>
    <FxCompile Include="Shaders\PosNormTanTex_AN_ps.hlsl">
      <Filter>Shaders\PosNormTanTex\AN</Filter>
    </FxCompile>
    <FxCompile Include="Shaders\PosNormTanTex_AN_rs.hlsl">
      <Filter>Shaders\PosNormTanTex\AN</Filter>
    </FxCompile>
    <FxCompile Include="Shaders\PosNormTanTex_AN_vs.hlsl">
      <Filter>Shaders\PosNormTanTex\AN</Filter>
    </FxCompile>
    <FxCompile Include="Shaders\PosNormTanTex_iA_ps.hlsl">
      <Filter>Shaders\PosNormTanTex\iA</Filter>
    </FxCompile>
    <FxCompile Include="Shaders\PosNormTanTex_iA_rs.hlsl">
      <Filter>Shaders\PosNormTanTex\iA</Filter>
    </FxCompile>
    <FxCompile Include="Shaders\PosNormTanTex_iA_vs.hlsl">
      <Filter>Shaders\PosNormTanTex\iA</Filter>
    </FxCompile>
    <FxCompile Include="Shaders\PosNormTanTex_iAN_ps.hlsl">
      <Filter>Shaders\PosNormTanTex\iAN</Filter>
    </FxCompile>
    <FxCompile Include="Shaders\PosNormTanTex_iAN_rs.hlsl">
      <Filter>Shaders\PosNormTanTex\iAN</Filter>
    </FxCompile>
    <FxCompile Include="Shaders\PosNormTanTex_iAN_vs.hlsl">
      <Filter>Shaders\PosNormTanTex\iAN</Filter>
    </FxCompile>
    <FxCompile Include="Shaders\PosNormTanTex_aAN_vs.hlsl">
      <Filter>Shaders\PosNormTanTex\aAN</Filter>
    </FxCompile>
    <FxCompile Include="Shaders\PosNormTanTex_aAN_ps.hlsl">
      <Filter>Shaders\PosNormTanTex\aAN</Filter>
    </FxCompile>
    <FxCompile Include="Shaders\PosNormTanTex_aAN_rs.hlsl">
      <Filter>Shaders\PosNormTanTex\aAN</Filter>
    </FxCompile>
    <FxCompile Include="Shaders\PosNorm_ps.hlsl">
      <Filter>Shaders\PosNorm</Filter>
    </FxCompile>
    <FxCompile Include="Shaders\PosNorm_rs.hlsl">
      <Filter>Shaders\PosNorm</Filter>
    </FxCompile>
    <FxCompile Include="Shaders\PosNorm_vs.hlsl">
      <Filter>Shaders\PosNorm</Filter>
    </FxCompile>
    <FxCompile Include="Shaders\PosNormTanTex_iaAN_ps.hlsl">
      <Filter>Shaders\PosNormTanTex\iaAN</Filter>
    </FxCompile>
    <FxCompile Include="Shaders\PosNormTanTex_iaAN_rs.hlsl">
      <Filter>Shaders\PosNormTanTex\iaAN</Filter>
    </FxCompile>
    <FxCompile Include="Shaders\PosNormTanTex_iaAN_vs.hlsl">
      <Filter>Shaders\PosNormTanTex\iaAN</Filter>
    </FxCompile>
  </ItemGroup>
</Project>